// !$*UTF8*$!
{
	archiveVersion = 1;
	classes = {
	};
	objectVersion = 46;
	objects = {

/* Begin PBXBuildFile section */
		391133B11F7FB8B0008A34A7 /* AdobeCreativeSDKCore.framework in Frameworks */ = {isa = PBXBuildFile; fileRef = 391133AF1F7FB873008A34A7 /* AdobeCreativeSDKCore.framework */; };
		391133B21F7FB8B0008A34A7 /* AdobeCreativeSDKCore.framework in Embed Frameworks */ = {isa = PBXBuildFile; fileRef = 391133AF1F7FB873008A34A7 /* AdobeCreativeSDKCore.framework */; settings = {ATTRIBUTES = (CodeSignOnCopy, RemoveHeadersOnCopy, ); }; };
		391133B31F7FB8B0008A34A7 /* AdobeCreativeSDKImage.framework in Frameworks */ = {isa = PBXBuildFile; fileRef = 391133B01F7FB875008A34A7 /* AdobeCreativeSDKImage.framework */; };
		391133B41F7FB8B0008A34A7 /* AdobeCreativeSDKImage.framework in Embed Frameworks */ = {isa = PBXBuildFile; fileRef = 391133B01F7FB875008A34A7 /* AdobeCreativeSDKImage.framework */; settings = {ATTRIBUTES = (CodeSignOnCopy, RemoveHeadersOnCopy, ); }; };
		391133B71F7FB966008A34A7 /* libc++.tbd in Frameworks */ = {isa = PBXBuildFile; fileRef = 391133B61F7FB966008A34A7 /* libc++.tbd */; };
		391133B91F7FB978008A34A7 /* libz.tbd in Frameworks */ = {isa = PBXBuildFile; fileRef = 391133B81F7FB978008A34A7 /* libz.tbd */; };
		391133BB1F7FB983008A34A7 /* libz.1.2.5.tbd in Frameworks */ = {isa = PBXBuildFile; fileRef = 391133BA1F7FB983008A34A7 /* libz.1.2.5.tbd */; };
		391133BD1F7FB990008A34A7 /* libsqlite3.0.tbd in Frameworks */ = {isa = PBXBuildFile; fileRef = 391133BC1F7FB990008A34A7 /* libsqlite3.0.tbd */; };
		391133BF1F7FB99C008A34A7 /* MobileCoreServices.framework in Frameworks */ = {isa = PBXBuildFile; fileRef = 391133BE1F7FB99C008A34A7 /* MobileCoreServices.framework */; };
		391133C11F7FB9A9008A34A7 /* SystemConfiguration.framework in Frameworks */ = {isa = PBXBuildFile; fileRef = 391133C01F7FB9A9008A34A7 /* SystemConfiguration.framework */; };
		391133C31F7FB9B5008A34A7 /* Accelerate.framework in Frameworks */ = {isa = PBXBuildFile; fileRef = 391133C21F7FB9B5008A34A7 /* Accelerate.framework */; };
		391133C51F7FB9C0008A34A7 /* CoreData.framework in Frameworks */ = {isa = PBXBuildFile; fileRef = 391133C41F7FB9C0008A34A7 /* CoreData.framework */; };
		391133C71F7FB9CC008A34A7 /* MessageUI.framework in Frameworks */ = {isa = PBXBuildFile; fileRef = 391133C61F7FB9CB008A34A7 /* MessageUI.framework */; };
		391133C91F7FB9D6008A34A7 /* OpenGLES.framework in Frameworks */ = {isa = PBXBuildFile; fileRef = 391133C81F7FB9D6008A34A7 /* OpenGLES.framework */; };
		391133CB1F7FB9E0008A34A7 /* QuartzCore.framework in Frameworks */ = {isa = PBXBuildFile; fileRef = 391133CA1F7FB9E0008A34A7 /* QuartzCore.framework */; };
		391133CF1F7FC3E7008A34A7 /* Const.swift in Sources */ = {isa = PBXBuildFile; fileRef = 391133CE1F7FC3E7008A34A7 /* Const.swift */; };
		391133D11F7FC59E008A34A7 /* PostData.swift in Sources */ = {isa = PBXBuildFile; fileRef = 391133D01F7FC59E008A34A7 /* PostData.swift */; };
		3952FE491F7A771700C4B97B /* GoogleService-Info.plist in Resources */ = {isa = PBXBuildFile; fileRef = 3952FE481F7A771600C4B97B /* GoogleService-Info.plist */; };
		397171AD1F80F83D003360F5 /* PostTableViewCell.swift in Sources */ = {isa = PBXBuildFile; fileRef = 397171AB1F80F83D003360F5 /* PostTableViewCell.swift */; };
		397171AE1F80F83D003360F5 /* PostTableViewCell.xib in Resources */ = {isa = PBXBuildFile; fileRef = 397171AC1F80F83D003360F5 /* PostTableViewCell.xib */; };
		397E2C431F72675100377928 /* AppDelegate.swift in Sources */ = {isa = PBXBuildFile; fileRef = 397E2C421F72675100377928 /* AppDelegate.swift */; };
		397E2C451F72675100377928 /* ViewController.swift in Sources */ = {isa = PBXBuildFile; fileRef = 397E2C441F72675100377928 /* ViewController.swift */; };
		397E2C481F72675100377928 /* Main.storyboard in Resources */ = {isa = PBXBuildFile; fileRef = 397E2C461F72675100377928 /* Main.storyboard */; };
		397E2C4A1F72675200377928 /* Assets.xcassets in Resources */ = {isa = PBXBuildFile; fileRef = 397E2C491F72675200377928 /* Assets.xcassets */; };
		397E2C4D1F72675200377928 /* LaunchScreen.storyboard in Resources */ = {isa = PBXBuildFile; fileRef = 397E2C4B1F72675200377928 /* LaunchScreen.storyboard */; };
		397E2C5F1F726B8A00377928 /* LoginViewController.swift in Sources */ = {isa = PBXBuildFile; fileRef = 397E2C5E1F726B8A00377928 /* LoginViewController.swift */; };
		397E2C611F726BAC00377928 /* HomeViewController.swift in Sources */ = {isa = PBXBuildFile; fileRef = 397E2C601F726BAC00377928 /* HomeViewController.swift */; };
		397E2C631F726BCD00377928 /* ImageSelectViewController.swift in Sources */ = {isa = PBXBuildFile; fileRef = 397E2C621F726BCD00377928 /* ImageSelectViewController.swift */; };
		397E2C651F726BE300377928 /* PostViewController.swift in Sources */ = {isa = PBXBuildFile; fileRef = 397E2C641F726BE300377928 /* PostViewController.swift */; };
		397E2C671F726BF600377928 /* SettingViewController.swift in Sources */ = {isa = PBXBuildFile; fileRef = 397E2C661F726BF600377928 /* SettingViewController.swift */; };
		AE18EBB3AF1DEFBB3A0340BB /* Pods_Instagram.framework in Frameworks */ = {isa = PBXBuildFile; fileRef = 45835119C9D25320C7CC49C8 /* Pods_Instagram.framework */; };
/* End PBXBuildFile section */

/* Begin PBXCopyFilesBuildPhase section */
		391133B51F7FB8B0008A34A7 /* Embed Frameworks */ = {
			isa = PBXCopyFilesBuildPhase;
			buildActionMask = 2147483647;
			dstPath = "";
			dstSubfolderSpec = 10;
			files = (
				391133B41F7FB8B0008A34A7 /* AdobeCreativeSDKImage.framework in Embed Frameworks */,
				391133B21F7FB8B0008A34A7 /* AdobeCreativeSDKCore.framework in Embed Frameworks */,
			);
			name = "Embed Frameworks";
			runOnlyForDeploymentPostprocessing = 0;
		};
/* End PBXCopyFilesBuildPhase section */

/* Begin PBXFileReference section */
		391133AF1F7FB873008A34A7 /* AdobeCreativeSDKCore.framework */ = {isa = PBXFileReference; lastKnownFileType = wrapper.framework; path = AdobeCreativeSDKCore.framework; sourceTree = "<group>"; };
		391133B01F7FB875008A34A7 /* AdobeCreativeSDKImage.framework */ = {isa = PBXFileReference; lastKnownFileType = wrapper.framework; path = AdobeCreativeSDKImage.framework; sourceTree = "<group>"; };
		391133B61F7FB966008A34A7 /* libc++.tbd */ = {isa = PBXFileReference; lastKnownFileType = "sourcecode.text-based-dylib-definition"; name = "libc++.tbd"; path = "usr/lib/libc++.tbd"; sourceTree = SDKROOT; };
		391133B81F7FB978008A34A7 /* libz.tbd */ = {isa = PBXFileReference; lastKnownFileType = "sourcecode.text-based-dylib-definition"; name = libz.tbd; path = usr/lib/libz.tbd; sourceTree = SDKROOT; };
		391133BA1F7FB983008A34A7 /* libz.1.2.5.tbd */ = {isa = PBXFileReference; lastKnownFileType = "sourcecode.text-based-dylib-definition"; name = libz.1.2.5.tbd; path = usr/lib/libz.1.2.5.tbd; sourceTree = SDKROOT; };
		391133BC1F7FB990008A34A7 /* libsqlite3.0.tbd */ = {isa = PBXFileReference; lastKnownFileType = "sourcecode.text-based-dylib-definition"; name = libsqlite3.0.tbd; path = usr/lib/libsqlite3.0.tbd; sourceTree = SDKROOT; };
		391133BE1F7FB99C008A34A7 /* MobileCoreServices.framework */ = {isa = PBXFileReference; lastKnownFileType = wrapper.framework; name = MobileCoreServices.framework; path = System/Library/Frameworks/MobileCoreServices.framework; sourceTree = SDKROOT; };
		391133C01F7FB9A9008A34A7 /* SystemConfiguration.framework */ = {isa = PBXFileReference; lastKnownFileType = wrapper.framework; name = SystemConfiguration.framework; path = System/Library/Frameworks/SystemConfiguration.framework; sourceTree = SDKROOT; };
		391133C21F7FB9B5008A34A7 /* Accelerate.framework */ = {isa = PBXFileReference; lastKnownFileType = wrapper.framework; name = Accelerate.framework; path = System/Library/Frameworks/Accelerate.framework; sourceTree = SDKROOT; };
		391133C41F7FB9C0008A34A7 /* CoreData.framework */ = {isa = PBXFileReference; lastKnownFileType = wrapper.framework; name = CoreData.framework; path = System/Library/Frameworks/CoreData.framework; sourceTree = SDKROOT; };
		391133C61F7FB9CB008A34A7 /* MessageUI.framework */ = {isa = PBXFileReference; lastKnownFileType = wrapper.framework; name = MessageUI.framework; path = System/Library/Frameworks/MessageUI.framework; sourceTree = SDKROOT; };
		391133C81F7FB9D6008A34A7 /* OpenGLES.framework */ = {isa = PBXFileReference; lastKnownFileType = wrapper.framework; name = OpenGLES.framework; path = System/Library/Frameworks/OpenGLES.framework; sourceTree = SDKROOT; };
		391133CA1F7FB9E0008A34A7 /* QuartzCore.framework */ = {isa = PBXFileReference; lastKnownFileType = wrapper.framework; name = QuartzCore.framework; path = System/Library/Frameworks/QuartzCore.framework; sourceTree = SDKROOT; };
		391133CD1F7FBA6C008A34A7 /* Instagram-Bridging-Header.h */ = {isa = PBXFileReference; lastKnownFileType = sourcecode.c.h; path = "Instagram-Bridging-Header.h"; sourceTree = "<group>"; };
		391133CE1F7FC3E7008A34A7 /* Const.swift */ = {isa = PBXFileReference; lastKnownFileType = sourcecode.swift; path = Const.swift; sourceTree = "<group>"; };
		391133D01F7FC59E008A34A7 /* PostData.swift */ = {isa = PBXFileReference; lastKnownFileType = sourcecode.swift; path = PostData.swift; sourceTree = "<group>"; };
		3952FE481F7A771600C4B97B /* GoogleService-Info.plist */ = {isa = PBXFileReference; fileEncoding = 4; lastKnownFileType = text.plist.xml; path = "GoogleService-Info.plist"; sourceTree = "<group>"; };
		397171AB1F80F83D003360F5 /* PostTableViewCell.swift */ = {isa = PBXFileReference; lastKnownFileType = sourcecode.swift; path = PostTableViewCell.swift; sourceTree = "<group>"; };
		397171AC1F80F83D003360F5 /* PostTableViewCell.xib */ = {isa = PBXFileReference; lastKnownFileType = file.xib; path = PostTableViewCell.xib; sourceTree = "<group>"; };
		397E2C3F1F72675100377928 /* Instagram.app */ = {isa = PBXFileReference; explicitFileType = wrapper.application; includeInIndex = 0; path = Instagram.app; sourceTree = BUILT_PRODUCTS_DIR; };
		397E2C421F72675100377928 /* AppDelegate.swift */ = {isa = PBXFileReference; lastKnownFileType = sourcecode.swift; path = AppDelegate.swift; sourceTree = "<group>"; };
		397E2C441F72675100377928 /* ViewController.swift */ = {isa = PBXFileReference; lastKnownFileType = sourcecode.swift; path = ViewController.swift; sourceTree = "<group>"; };
		397E2C471F72675100377928 /* Base */ = {isa = PBXFileReference; lastKnownFileType = file.storyboard; name = Base; path = Base.lproj/Main.storyboard; sourceTree = "<group>"; };
		397E2C491F72675200377928 /* Assets.xcassets */ = {isa = PBXFileReference; lastKnownFileType = folder.assetcatalog; path = Assets.xcassets; sourceTree = "<group>"; };
		397E2C4C1F72675200377928 /* Base */ = {isa = PBXFileReference; lastKnownFileType = file.storyboard; name = Base; path = Base.lproj/LaunchScreen.storyboard; sourceTree = "<group>"; };
		397E2C4E1F72675200377928 /* Info.plist */ = {isa = PBXFileReference; lastKnownFileType = text.plist.xml; path = Info.plist; sourceTree = "<group>"; };
		397E2C5E1F726B8A00377928 /* LoginViewController.swift */ = {isa = PBXFileReference; fileEncoding = 4; lastKnownFileType = sourcecode.swift; path = LoginViewController.swift; sourceTree = "<group>"; };
		397E2C601F726BAC00377928 /* HomeViewController.swift */ = {isa = PBXFileReference; fileEncoding = 4; lastKnownFileType = sourcecode.swift; path = HomeViewController.swift; sourceTree = "<group>"; };
		397E2C621F726BCD00377928 /* ImageSelectViewController.swift */ = {isa = PBXFileReference; fileEncoding = 4; lastKnownFileType = sourcecode.swift; path = ImageSelectViewController.swift; sourceTree = "<group>"; };
		397E2C641F726BE300377928 /* PostViewController.swift */ = {isa = PBXFileReference; fileEncoding = 4; lastKnownFileType = sourcecode.swift; path = PostViewController.swift; sourceTree = "<group>"; };
		397E2C661F726BF600377928 /* SettingViewController.swift */ = {isa = PBXFileReference; fileEncoding = 4; lastKnownFileType = sourcecode.swift; path = SettingViewController.swift; sourceTree = "<group>"; };
		45835119C9D25320C7CC49C8 /* Pods_Instagram.framework */ = {isa = PBXFileReference; explicitFileType = wrapper.framework; includeInIndex = 0; path = Pods_Instagram.framework; sourceTree = BUILT_PRODUCTS_DIR; };
		8879A028C53BFE281D0B2AA7 /* Pods-Instagram.release.xcconfig */ = {isa = PBXFileReference; includeInIndex = 1; lastKnownFileType = text.xcconfig; name = "Pods-Instagram.release.xcconfig"; path = "Pods/Target Support Files/Pods-Instagram/Pods-Instagram.release.xcconfig"; sourceTree = "<group>"; };
		8CFBC54B526BAC70925A74ED /* Pods-Instagram.debug.xcconfig */ = {isa = PBXFileReference; includeInIndex = 1; lastKnownFileType = text.xcconfig; name = "Pods-Instagram.debug.xcconfig"; path = "Pods/Target Support Files/Pods-Instagram/Pods-Instagram.debug.xcconfig"; sourceTree = "<group>"; };
/* End PBXFileReference section */

/* Begin PBXFrameworksBuildPhase section */
		397E2C3C1F72675100377928 /* Frameworks */ = {
			isa = PBXFrameworksBuildPhase;
			buildActionMask = 2147483647;
			files = (
				391133CB1F7FB9E0008A34A7 /* QuartzCore.framework in Frameworks */,
				391133C91F7FB9D6008A34A7 /* OpenGLES.framework in Frameworks */,
				391133C71F7FB9CC008A34A7 /* MessageUI.framework in Frameworks */,
				391133C51F7FB9C0008A34A7 /* CoreData.framework in Frameworks */,
				391133C31F7FB9B5008A34A7 /* Accelerate.framework in Frameworks */,
				391133C11F7FB9A9008A34A7 /* SystemConfiguration.framework in Frameworks */,
				391133BF1F7FB99C008A34A7 /* MobileCoreServices.framework in Frameworks */,
				391133BD1F7FB990008A34A7 /* libsqlite3.0.tbd in Frameworks */,
				391133BB1F7FB983008A34A7 /* libz.1.2.5.tbd in Frameworks */,
				391133B91F7FB978008A34A7 /* libz.tbd in Frameworks */,
				391133B71F7FB966008A34A7 /* libc++.tbd in Frameworks */,
				AE18EBB3AF1DEFBB3A0340BB /* Pods_Instagram.framework in Frameworks */,
				391133B31F7FB8B0008A34A7 /* AdobeCreativeSDKImage.framework in Frameworks */,
				391133B11F7FB8B0008A34A7 /* AdobeCreativeSDKCore.framework in Frameworks */,
			);
			runOnlyForDeploymentPostprocessing = 0;
		};
/* End PBXFrameworksBuildPhase section */

/* Begin PBXGroup section */
		397E2C361F72675100377928 = {
			isa = PBXGroup;
			children = (
				397E2C411F72675100377928 /* Instagram */,
				397E2C401F72675100377928 /* Products */,
				C96C78D3358D66CFEEB39FB6 /* Pods */,
				9FD3CC8F73CAAEC8463D8027 /* Frameworks */,
			);
			sourceTree = "<group>";
		};
		397E2C401F72675100377928 /* Products */ = {
			isa = PBXGroup;
			children = (
				397E2C3F1F72675100377928 /* Instagram.app */,
			);
			name = Products;
			sourceTree = "<group>";
		};
		397E2C411F72675100377928 /* Instagram */ = {
			isa = PBXGroup;
			children = (
				391133AF1F7FB873008A34A7 /* AdobeCreativeSDKCore.framework */,
				391133B01F7FB875008A34A7 /* AdobeCreativeSDKImage.framework */,
				3952FE481F7A771600C4B97B /* GoogleService-Info.plist */,
				391133CD1F7FBA6C008A34A7 /* Instagram-Bridging-Header.h */,
				397E2C421F72675100377928 /* AppDelegate.swift */,
				397E2C441F72675100377928 /* ViewController.swift */,
				397E2C461F72675100377928 /* Main.storyboard */,
				391133CE1F7FC3E7008A34A7 /* Const.swift */,
				397E2C621F726BCD00377928 /* ImageSelectViewController.swift */,
				397E2C641F726BE300377928 /* PostViewController.swift */,
				391133D01F7FC59E008A34A7 /* PostData.swift */,
				397171AB1F80F83D003360F5 /* PostTableViewCell.swift */,
				397171AC1F80F83D003360F5 /* PostTableViewCell.xib */,
				397E2C661F726BF600377928 /* SettingViewController.swift */,
				397E2C601F726BAC00377928 /* HomeViewController.swift */,
				397E2C5E1F726B8A00377928 /* LoginViewController.swift */,
				397E2C491F72675200377928 /* Assets.xcassets */,
				397E2C4B1F72675200377928 /* LaunchScreen.storyboard */,
				397E2C4E1F72675200377928 /* Info.plist */,
			);
			path = Instagram;
			sourceTree = "<group>";
		};
		9FD3CC8F73CAAEC8463D8027 /* Frameworks */ = {
			isa = PBXGroup;
			children = (
				391133CA1F7FB9E0008A34A7 /* QuartzCore.framework */,
				391133C81F7FB9D6008A34A7 /* OpenGLES.framework */,
				391133C61F7FB9CB008A34A7 /* MessageUI.framework */,
				391133C41F7FB9C0008A34A7 /* CoreData.framework */,
				391133C21F7FB9B5008A34A7 /* Accelerate.framework */,
				391133C01F7FB9A9008A34A7 /* SystemConfiguration.framework */,
				391133BE1F7FB99C008A34A7 /* MobileCoreServices.framework */,
				391133BC1F7FB990008A34A7 /* libsqlite3.0.tbd */,
				391133BA1F7FB983008A34A7 /* libz.1.2.5.tbd */,
				391133B81F7FB978008A34A7 /* libz.tbd */,
				391133B61F7FB966008A34A7 /* libc++.tbd */,
				45835119C9D25320C7CC49C8 /* Pods_Instagram.framework */,
			);
			name = Frameworks;
			sourceTree = "<group>";
		};
		C96C78D3358D66CFEEB39FB6 /* Pods */ = {
			isa = PBXGroup;
			children = (
				8CFBC54B526BAC70925A74ED /* Pods-Instagram.debug.xcconfig */,
				8879A028C53BFE281D0B2AA7 /* Pods-Instagram.release.xcconfig */,
			);
			name = Pods;
			sourceTree = "<group>";
		};
/* End PBXGroup section */

/* Begin PBXNativeTarget section */
		397E2C3E1F72675100377928 /* Instagram */ = {
			isa = PBXNativeTarget;
			buildConfigurationList = 397E2C511F72675200377928 /* Build configuration list for PBXNativeTarget "Instagram" */;
			buildPhases = (
				6D840BB65BEB3C09C2A11889 /* [CP] Check Pods Manifest.lock */,
				397E2C3B1F72675100377928 /* Sources */,
				397E2C3C1F72675100377928 /* Frameworks */,
				397E2C3D1F72675100377928 /* Resources */,
				6F51BAE5ECEF6F2BC2D6A1A1 /* [CP] Embed Pods Frameworks */,
				A478842EFC739B127D4296AD /* [CP] Copy Pods Resources */,
				391133B51F7FB8B0008A34A7 /* Embed Frameworks */,
				391133CC1F7FB9FE008A34A7 /* ShellScript */,
			);
			buildRules = (
			);
			dependencies = (
			);
			name = Instagram;
			productName = Instagram;
			productReference = 397E2C3F1F72675100377928 /* Instagram.app */;
			productType = "com.apple.product-type.application";
		};
/* End PBXNativeTarget section */

/* Begin PBXProject section */
		397E2C371F72675100377928 /* Project object */ = {
			isa = PBXProject;
			attributes = {
				LastSwiftUpdateCheck = 0830;
				LastUpgradeCheck = 0830;
				ORGANIZATIONNAME = ryota.kishimoto;
				TargetAttributes = {
					397E2C3E1F72675100377928 = {
						CreatedOnToolsVersion = 8.3.3;
						LastSwiftMigration = 0900;
						ProvisioningStyle = Automatic;
					};
				};
			};
			buildConfigurationList = 397E2C3A1F72675100377928 /* Build configuration list for PBXProject "Instagram" */;
			compatibilityVersion = "Xcode 3.2";
			developmentRegion = English;
			hasScannedForEncodings = 0;
			knownRegions = (
				en,
				Base,
			);
			mainGroup = 397E2C361F72675100377928;
			productRefGroup = 397E2C401F72675100377928 /* Products */;
			projectDirPath = "";
			projectRoot = "";
			targets = (
				397E2C3E1F72675100377928 /* Instagram */,
			);
		};
/* End PBXProject section */

/* Begin PBXResourcesBuildPhase section */
		397E2C3D1F72675100377928 /* Resources */ = {
			isa = PBXResourcesBuildPhase;
			buildActionMask = 2147483647;
			files = (
				397E2C4D1F72675200377928 /* LaunchScreen.storyboard in Resources */,
				397171AE1F80F83D003360F5 /* PostTableViewCell.xib in Resources */,
				3952FE491F7A771700C4B97B /* GoogleService-Info.plist in Resources */,
				397E2C4A1F72675200377928 /* Assets.xcassets in Resources */,
				397E2C481F72675100377928 /* Main.storyboard in Resources */,
			);
			runOnlyForDeploymentPostprocessing = 0;
		};
/* End PBXResourcesBuildPhase section */

/* Begin PBXShellScriptBuildPhase section */
		391133CC1F7FB9FE008A34A7 /* ShellScript */ = {
			isa = PBXShellScriptBuildPhase;
			buildActionMask = 2147483647;
			files = (
			);
			inputPaths = (
			);
			outputPaths = (
			);
			runOnlyForDeploymentPostprocessing = 0;
			shellPath = /bin/sh;
			shellScript = "bash \"${BUILT_PRODUCTS_DIR}/${FRAMEWORKS_FOLDER_PATH}/AdobeCreativeSDKCore.framework/strip-frameworks.sh\"";
		};
		6D840BB65BEB3C09C2A11889 /* [CP] Check Pods Manifest.lock */ = {
			isa = PBXShellScriptBuildPhase;
			buildActionMask = 2147483647;
			files = (
			);
			inputPaths = (
			);
			name = "[CP] Check Pods Manifest.lock";
			outputPaths = (
			);
			runOnlyForDeploymentPostprocessing = 0;
			shellPath = /bin/sh;
			shellScript = "diff \"${PODS_ROOT}/../Podfile.lock\" \"${PODS_ROOT}/Manifest.lock\" > /dev/null\nif [ $? != 0 ] ; then\n    # print error to STDERR\n    echo \"error: The sandbox is not in sync with the Podfile.lock. Run 'pod install' or update your CocoaPods installation.\" >&2\n    exit 1\nfi\n";
			showEnvVarsInLog = 0;
		};
		6F51BAE5ECEF6F2BC2D6A1A1 /* [CP] Embed Pods Frameworks */ = {
			isa = PBXShellScriptBuildPhase;
			buildActionMask = 2147483647;
			files = (
			);
			inputPaths = (
			);
			name = "[CP] Embed Pods Frameworks";
			outputPaths = (
			);
			runOnlyForDeploymentPostprocessing = 0;
			shellPath = /bin/sh;
			shellScript = "\"${SRCROOT}/Pods/Target Support Files/Pods-Instagram/Pods-Instagram-frameworks.sh\"\n";
			showEnvVarsInLog = 0;
		};
		A478842EFC739B127D4296AD /* [CP] Copy Pods Resources */ = {
			isa = PBXShellScriptBuildPhase;
			buildActionMask = 2147483647;
			files = (
			);
			inputPaths = (
			);
			name = "[CP] Copy Pods Resources";
			outputPaths = (
			);
			runOnlyForDeploymentPostprocessing = 0;
			shellPath = /bin/sh;
			shellScript = "\"${SRCROOT}/Pods/Target Support Files/Pods-Instagram/Pods-Instagram-resources.sh\"\n";
			showEnvVarsInLog = 0;
		};
/* End PBXShellScriptBuildPhase section */

/* Begin PBXSourcesBuildPhase section */
		397E2C3B1F72675100377928 /* Sources */ = {
			isa = PBXSourcesBuildPhase;
			buildActionMask = 2147483647;
			files = (
				397E2C651F726BE300377928 /* PostViewController.swift in Sources */,
				391133D11F7FC59E008A34A7 /* PostData.swift in Sources */,
				397E2C5F1F726B8A00377928 /* LoginViewController.swift in Sources */,
				397E2C451F72675100377928 /* ViewController.swift in Sources */,
				397E2C431F72675100377928 /* AppDelegate.swift in Sources */,
				397E2C631F726BCD00377928 /* ImageSelectViewController.swift in Sources */,
				391133CF1F7FC3E7008A34A7 /* Const.swift in Sources */,
				397171AD1F80F83D003360F5 /* PostTableViewCell.swift in Sources */,
				397E2C671F726BF600377928 /* SettingViewController.swift in Sources */,
				397E2C611F726BAC00377928 /* HomeViewController.swift in Sources */,
			);
			runOnlyForDeploymentPostprocessing = 0;
		};
/* End PBXSourcesBuildPhase section */

/* Begin PBXVariantGroup section */
		397E2C461F72675100377928 /* Main.storyboard */ = {
			isa = PBXVariantGroup;
			children = (
				397E2C471F72675100377928 /* Base */,
			);
			name = Main.storyboard;
			sourceTree = "<group>";
		};
		397E2C4B1F72675200377928 /* LaunchScreen.storyboard */ = {
			isa = PBXVariantGroup;
			children = (
				397E2C4C1F72675200377928 /* Base */,
			);
			name = LaunchScreen.storyboard;
			sourceTree = "<group>";
		};
/* End PBXVariantGroup section */

/* Begin XCBuildConfiguration section */
		397E2C4F1F72675200377928 /* Debug */ = {
			isa = XCBuildConfiguration;
			buildSettings = {
				ALWAYS_SEARCH_USER_PATHS = NO;
				CLANG_ANALYZER_NONNULL = YES;
				CLANG_ANALYZER_NUMBER_OBJECT_CONVERSION = YES_AGGRESSIVE;
				CLANG_CXX_LANGUAGE_STANDARD = "gnu++0x";
				CLANG_CXX_LIBRARY = "libc++";
				CLANG_ENABLE_MODULES = YES;
				CLANG_ENABLE_OBJC_ARC = YES;
				CLANG_WARN_BOOL_CONVERSION = YES;
				CLANG_WARN_CONSTANT_CONVERSION = YES;
				CLANG_WARN_DIRECT_OBJC_ISA_USAGE = YES_ERROR;
				CLANG_WARN_DOCUMENTATION_COMMENTS = YES;
				CLANG_WARN_EMPTY_BODY = YES;
				CLANG_WARN_ENUM_CONVERSION = YES;
				CLANG_WARN_INFINITE_RECURSION = YES;
				CLANG_WARN_INT_CONVERSION = YES;
				CLANG_WARN_OBJC_ROOT_CLASS = YES_ERROR;
				CLANG_WARN_SUSPICIOUS_MOVE = YES;
				CLANG_WARN_UNREACHABLE_CODE = YES;
				CLANG_WARN__DUPLICATE_METHOD_MATCH = YES;
				"CODE_SIGN_IDENTITY[sdk=iphoneos*]" = "iPhone Developer";
				COPY_PHASE_STRIP = NO;
				DEBUG_INFORMATION_FORMAT = dwarf;
				ENABLE_STRICT_OBJC_MSGSEND = YES;
				ENABLE_TESTABILITY = YES;
				GCC_C_LANGUAGE_STANDARD = gnu99;
				GCC_DYNAMIC_NO_PIC = NO;
				GCC_NO_COMMON_BLOCKS = YES;
				GCC_OPTIMIZATION_LEVEL = 0;
				GCC_PREPROCESSOR_DEFINITIONS = (
					"DEBUG=1",
					"$(inherited)",
				);
				GCC_WARN_64_TO_32_BIT_CONVERSION = YES;
				GCC_WARN_ABOUT_RETURN_TYPE = YES_ERROR;
				GCC_WARN_UNDECLARED_SELECTOR = YES;
				GCC_WARN_UNINITIALIZED_AUTOS = YES_AGGRESSIVE;
				GCC_WARN_UNUSED_FUNCTION = YES;
				GCC_WARN_UNUSED_VARIABLE = YES;
				IPHONEOS_DEPLOYMENT_TARGET = 10.3;
				MTL_ENABLE_DEBUG_INFO = YES;
				ONLY_ACTIVE_ARCH = YES;
				SDKROOT = iphoneos;
				SWIFT_ACTIVE_COMPILATION_CONDITIONS = DEBUG;
				SWIFT_OPTIMIZATION_LEVEL = "-Onone";
			};
			name = Debug;
		};
		397E2C501F72675200377928 /* Release */ = {
			isa = XCBuildConfiguration;
			buildSettings = {
				ALWAYS_SEARCH_USER_PATHS = NO;
				CLANG_ANALYZER_NONNULL = YES;
				CLANG_ANALYZER_NUMBER_OBJECT_CONVERSION = YES_AGGRESSIVE;
				CLANG_CXX_LANGUAGE_STANDARD = "gnu++0x";
				CLANG_CXX_LIBRARY = "libc++";
				CLANG_ENABLE_MODULES = YES;
				CLANG_ENABLE_OBJC_ARC = YES;
				CLANG_WARN_BOOL_CONVERSION = YES;
				CLANG_WARN_CONSTANT_CONVERSION = YES;
				CLANG_WARN_DIRECT_OBJC_ISA_USAGE = YES_ERROR;
				CLANG_WARN_DOCUMENTATION_COMMENTS = YES;
				CLANG_WARN_EMPTY_BODY = YES;
				CLANG_WARN_ENUM_CONVERSION = YES;
				CLANG_WARN_INFINITE_RECURSION = YES;
				CLANG_WARN_INT_CONVERSION = YES;
				CLANG_WARN_OBJC_ROOT_CLASS = YES_ERROR;
				CLANG_WARN_SUSPICIOUS_MOVE = YES;
				CLANG_WARN_UNREACHABLE_CODE = YES;
				CLANG_WARN__DUPLICATE_METHOD_MATCH = YES;
				"CODE_SIGN_IDENTITY[sdk=iphoneos*]" = "iPhone Developer";
				COPY_PHASE_STRIP = NO;
				DEBUG_INFORMATION_FORMAT = "dwarf-with-dsym";
				ENABLE_NS_ASSERTIONS = NO;
				ENABLE_STRICT_OBJC_MSGSEND = YES;
				GCC_C_LANGUAGE_STANDARD = gnu99;
				GCC_NO_COMMON_BLOCKS = YES;
				GCC_WARN_64_TO_32_BIT_CONVERSION = YES;
				GCC_WARN_ABOUT_RETURN_TYPE = YES_ERROR;
				GCC_WARN_UNDECLARED_SELECTOR = YES;
				GCC_WARN_UNINITIALIZED_AUTOS = YES_AGGRESSIVE;
				GCC_WARN_UNUSED_FUNCTION = YES;
				GCC_WARN_UNUSED_VARIABLE = YES;
				IPHONEOS_DEPLOYMENT_TARGET = 10.3;
				MTL_ENABLE_DEBUG_INFO = NO;
				SDKROOT = iphoneos;
				SWIFT_OPTIMIZATION_LEVEL = "-Owholemodule";
				VALIDATE_PRODUCT = YES;
			};
			name = Release;
		};
		397E2C521F72675200377928 /* Debug */ = {
			isa = XCBuildConfiguration;
			baseConfigurationReference = 8CFBC54B526BAC70925A74ED /* Pods-Instagram.debug.xcconfig */;
			buildSettings = {
				ASSETCATALOG_COMPILER_APPICON_NAME = AppIcon;
				FRAMEWORK_SEARCH_PATHS = (
					"$(inherited)",
					"$(PROJECT_DIR)/Instagram",
				);
				INFOPLIST_FILE = Instagram/Info.plist;
				LD_RUNPATH_SEARCH_PATHS = "$(inherited) @executable_path/Frameworks";
				NEW_SETTING = "";
				PRODUCT_BUNDLE_IDENTIFIER = jp.techacademy.ryota.kishimoto.Instagram;
				PRODUCT_NAME = "$(TARGET_NAME)";
				SWIFT_OBJC_BRIDGING_HEADER = "Instagram/Instagram-Bridging-Header.h";
				SWIFT_SWIFT3_OBJC_INFERENCE = On;
				SWIFT_VERSION = 4.0;
			};
			name = Debug;
		};
		397E2C531F72675200377928 /* Release */ = {
			isa = XCBuildConfiguration;
			baseConfigurationReference = 8879A028C53BFE281D0B2AA7 /* Pods-Instagram.release.xcconfig */;
			buildSettings = {
				ASSETCATALOG_COMPILER_APPICON_NAME = AppIcon;
				FRAMEWORK_SEARCH_PATHS = (
					"$(inherited)",
					"$(PROJECT_DIR)/Instagram",
				);
				INFOPLIST_FILE = Instagram/Info.plist;
				LD_RUNPATH_SEARCH_PATHS = "$(inherited) @executable_path/Frameworks";
				NEW_SETTING = "";
				PRODUCT_BUNDLE_IDENTIFIER = jp.techacademy.ryota.kishimoto.Instagram;
				PRODUCT_NAME = "$(TARGET_NAME)";
				SWIFT_OBJC_BRIDGING_HEADER = "Instagram/Instagram-Bridging-Header.h";
				SWIFT_SWIFT3_OBJC_INFERENCE = On;
				SWIFT_VERSION = 4.0;
			};
			name = Release;
		};
/* End XCBuildConfiguration section */

/* Begin XCConfigurationList section */
		397E2C3A1F72675100377928 /* Build configuration list for PBXProject "Instagram" */ = {
			isa = XCConfigurationList;
			buildConfigurations = (
				397E2C4F1F72675200377928 /* Debug */,
				397E2C501F72675200377928 /* Release */,
			);
			defaultConfigurationIsVisible = 0;
			defaultConfigurationName = Release;
		};
		397E2C511F72675200377928 /* Build configuration list for PBXNativeTarget "Instagram" */ = {
			isa = XCConfigurationList;
			buildConfigurations = (
				397E2C521F72675200377928 /* Debug */,
				397E2C531F72675200377928 /* Release */,
			);
			defaultConfigurationIsVisible = 0;
			defaultConfigurationName = Release;
		};
/* End XCConfigurationList section */
	};
	rootObject = 397E2C371F72675100377928 /* Project object */;
}
